
Microsoft Visual Studio Solution File, Format Version 12.00
# Visual Studio Version 16
VisualStudioVersion = 16.0.810.6
MinimumVisualStudioVersion = 10.0.40219.1
Project("{FAE04EC0-301F-11D3-BF4B-00C04F79EFBC}") = "bb.cpp", "bb.cpp\bb.cpp.csproj", "{D4D0FF2E-A9FF-4A9F-88A2-FD9E5E7E4FED}"
EndProject
Global
	GlobalSection(SolutionConfigurationPlatforms) = preSolution
		Debug|Any CPU = Debug|Any CPU
		Release|Any CPU = Release|Any CPU
	EndGlobalSection
	GlobalSection(ProjectConfigurationPlatforms) = postSolution
		{D4D0FF2E-A9FF-4A9F-88A2-FD9E5E7E4FED}.Debug|Any CPU.ActiveCfg = Debug|Any CPU
		{D4D0FF2E-A9FF-4A9F-88A2-FD9E5E7E4FED}.Debug|Any CPU.Build.0 = Debug|Any CPU
		{D4D0FF2E-A9FF-4A9F-88A2-FD9E5E7E4FED}.Release|Any CPU.ActiveCfg = Release|Any CPU
		{D4D0FF2E-A9FF-4A9F-88A2-FD9E5E7E4FED}.Release|Any CPU.Build.0 = Release|Any CPU
	EndGlobalSection
	GlobalSection(SolutionProperties) = preSolution
		HideSolutionNode = FALSE
	EndGlobalSection
	GlobalSection(ExtensibilityGlobals) = postSolution
		SolutionGuid = {78506436-B66C-4650-AB70-A9D3AA3EE679}
	EndGlobalSection
EndGlobal
